
Microsoft Visual Studio Solution File, Format Version 12.00
# Visual Studio 15
VisualStudioVersion = 15.0.27130.2020
MinimumVisualStudioVersion = 10.0.40219.1
Project("{8BC9CEB8-8B4A-11D0-8D11-00A0C91BC942}") = "Part0", "Part0\Part0.vcxproj", "{13C0F859-FEC0-41C8-B2CA-D5847BFEC537}"
EndProject
Project("{8BC9CEB8-8B4A-11D0-8D11-00A0C91BC942}") = "Part1", "Part1\Part1.vcxproj", "{C84FC582-8619-45BF-96D4-20B5FA0B275D}"
EndProject
Global
	GlobalSection(SolutionConfigurationPlatforms) = preSolution
		Debug|x64 = Debug|x64
		Debug|x86 = Debug|x86
		Release|x64 = Release|x64
		Release|x86 = Release|x86
	EndGlobalSection
	GlobalSection(ProjectConfigurationPlatforms) = postSolution
		{13C0F859-FEC0-41C8-B2CA-D5847BFEC537}.Debug|x64.ActiveCfg = Debug|x64
		{13C0F859-FEC0-41C8-B2CA-D5847BFEC537}.Debug|x64.Build.0 = Debug|x64
		{13C0F859-FEC0-41C8-B2CA-D5847BFEC537}.Debug|x86.ActiveCfg = Debug|Win32
		{13C0F859-FEC0-41C8-B2CA-D5847BFEC537}.Debug|x86.Build.0 = Debug|Win32
		{13C0F859-FEC0-41C8-B2CA-D5847BFEC537}.Release|x64.ActiveCfg = Release|x64
		{13C0F859-FEC0-41C8-B2CA-D5847BFEC537}.Release|x64.Build.0 = Release|x64
		{13C0F859-FEC0-41C8-B2CA-D5847BFEC537}.Release|x86.ActiveCfg = Release|Win32
		{13C0F859-FEC0-41C8-B2CA-D5847BFEC537}.Release|x86.Build.0 = Release|Win32
		{C84FC582-8619-45BF-96D4-20B5FA0B275D}.Debug|x64.ActiveCfg = Debug|x64
		{C84FC582-8619-45BF-96D4-20B5FA0B275D}.Debug|x64.Build.0 = Debug|x64
		{C84FC582-8619-45BF-96D4-20B5FA0B275D}.Debug|x86.ActiveCfg = Debug|Win32
		{C84FC582-8619-45BF-96D4-20B5FA0B275D}.Debug|x86.Build.0 = Debug|Win32
		{C84FC582-8619-45BF-96D4-20B5FA0B275D}.Release|x64.ActiveCfg = Release|x64
		{C84FC582-8619-45BF-96D4-20B5FA0B275D}.Release|x64.Build.0 = Release|x64
		{C84FC582-8619-45BF-96D4-20B5FA0B275D}.Release|x86.ActiveCfg = Release|Win32
		{C84FC582-8619-45BF-96D4-20B5FA0B275D}.Release|x86.Build.0 = Release|Win32
	EndGlobalSection
	GlobalSection(SolutionProperties) = preSolution
		HideSolutionNode = FALSE
	EndGlobalSection
	GlobalSection(ExtensibilityGlobals) = postSolution
		SolutionGuid = {675896B5-4D92-4FF3-92C4-99D63C1732A5}
	EndGlobalSection
EndGlobal
